// !$*UTF8*$!
{
	archiveVersion = 1;
	classes = {
	};
	objectVersion = 56;
	objects = {

/* Begin PBXBuildFile section */
		F72AC58428FF53D8005B6141 /* Defined.swift in Sources */ = {isa = PBXBuildFile; fileRef = F72AC58328FF53D8005B6141 /* Defined.swift */; };
		F72AC58628FF71E7005B6141 /* Tools.swift in Sources */ = {isa = PBXBuildFile; fileRef = F72AC58528FF71E7005B6141 /* Tools.swift */; };
		F73D024328FA195400A58922 /* AppDelegate.swift in Sources */ = {isa = PBXBuildFile; fileRef = F73D024228FA195400A58922 /* AppDelegate.swift */; };
		F73D024528FA195400A58922 /* GameScene.sks in Resources */ = {isa = PBXBuildFile; fileRef = F73D024428FA195400A58922 /* GameScene.sks */; };
		F73D024728FA195400A58922 /* Actions.sks in Resources */ = {isa = PBXBuildFile; fileRef = F73D024628FA195400A58922 /* Actions.sks */; };
		F73D024928FA195400A58922 /* GameScene.swift in Sources */ = {isa = PBXBuildFile; fileRef = F73D024828FA195400A58922 /* GameScene.swift */; };
		F73D024B28FA195400A58922 /* GameViewController.swift in Sources */ = {isa = PBXBuildFile; fileRef = F73D024A28FA195400A58922 /* GameViewController.swift */; };
		F73D024E28FA195400A58922 /* Main.storyboard in Resources */ = {isa = PBXBuildFile; fileRef = F73D024C28FA195400A58922 /* Main.storyboard */; };
		F73D025028FA195600A58922 /* Assets.xcassets in Resources */ = {isa = PBXBuildFile; fileRef = F73D024F28FA195600A58922 /* Assets.xcassets */; };
		F73D025328FA195600A58922 /* LaunchScreen.storyboard in Resources */ = {isa = PBXBuildFile; fileRef = F73D025128FA195600A58922 /* LaunchScreen.storyboard */; };
		F7B5EA16290C50D400382C9C /* Background.jpg in Resources */ = {isa = PBXBuildFile; fileRef = F7B5EA15290C50D400382C9C /* Background.jpg */; };
		F7B5EA20290C548500382C9C /* kick.wav in Resources */ = {isa = PBXBuildFile; fileRef = F7B5EA18290C548500382C9C /* kick.wav */; };
		F7B5EA21290C548500382C9C /* bg_country.mp3 in Resources */ = {isa = PBXBuildFile; fileRef = F7B5EA19290C548500382C9C /* bg_country.mp3 */; };
		F7B5EA22290C548500382C9C /* fall.wav in Resources */ = {isa = PBXBuildFile; fileRef = F7B5EA1A290C548500382C9C /* fall.wav */; };
		F7B5EA23290C548500382C9C /* stick_grow_loop.wav in Resources */ = {isa = PBXBuildFile; fileRef = F7B5EA1B290C548500382C9C /* stick_grow_loop.wav */; };
		F7B5EA24290C548500382C9C /* highScore.wav in Resources */ = {isa = PBXBuildFile; fileRef = F7B5EA1C290C548500382C9C /* highScore.wav */; };
		F7B5EA25290C548500382C9C /* dead.wav in Resources */ = {isa = PBXBuildFile; fileRef = F7B5EA1D290C548500382C9C /* dead.wav */; };
		F7B5EA26290C548500382C9C /* touch_mid.wav in Resources */ = {isa = PBXBuildFile; fileRef = F7B5EA1E290C548500382C9C /* touch_mid.wav */; };
		F7B5EA27290C548500382C9C /* victory.wav in Resources */ = {isa = PBXBuildFile; fileRef = F7B5EA1F290C548500382C9C /* victory.wav */; };
		F7BBCAF82900609E00FFCA3E /* StickGokuGameScene.swift in Sources */ = {isa = PBXBuildFile; fileRef = F7BBCAF72900609E00FFCA3E /* StickGokuGameScene.swift */; };
		F7BDC76C290B4C31000BACEB /* GokuCorriendo5.png in Resources */ = {isa = PBXBuildFile; fileRef = F7BDC764290B4C30000BACEB /* GokuCorriendo5.png */; };
		F7BDC76D290B4C31000BACEB /* GokuCorriendo8.png in Resources */ = {isa = PBXBuildFile; fileRef = F7BDC765290B4C30000BACEB /* GokuCorriendo8.png */; };
		F7BDC76E290B4C31000BACEB /* GokuCorriendo1.png in Resources */ = {isa = PBXBuildFile; fileRef = F7BDC766290B4C30000BACEB /* GokuCorriendo1.png */; };
		F7BDC76F290B4C31000BACEB /* GokuCorriendo2.png in Resources */ = {isa = PBXBuildFile; fileRef = F7BDC767290B4C30000BACEB /* GokuCorriendo2.png */; };
		F7BDC770290B4C31000BACEB /* GokuCorriendo6.png in Resources */ = {isa = PBXBuildFile; fileRef = F7BDC768290B4C30000BACEB /* GokuCorriendo6.png */; };
		F7BDC771290B4C31000BACEB /* GokuCorriendo7.png in Resources */ = {isa = PBXBuildFile; fileRef = F7BDC769290B4C31000BACEB /* GokuCorriendo7.png */; };
		F7BDC772290B4C31000BACEB /* GokuCorriendo3.png in Resources */ = {isa = PBXBuildFile; fileRef = F7BDC76A290B4C31000BACEB /* GokuCorriendo3.png */; };
		F7BDC773290B4C31000BACEB /* GokuCorriendo4.png in Resources */ = {isa = PBXBuildFile; fileRef = F7BDC76B290B4C31000BACEB /* GokuCorriendo4.png */; };
/* End PBXBuildFile section */

/* Begin PBXFileReference section */
		F72AC58328FF53D8005B6141 /* Defined.swift */ = {isa = PBXFileReference; lastKnownFileType = sourcecode.swift; path = Defined.swift; sourceTree = "<group>"; };
		F72AC58528FF71E7005B6141 /* Tools.swift */ = {isa = PBXFileReference; lastKnownFileType = sourcecode.swift; path = Tools.swift; sourceTree = "<group>"; };
		F73D023F28FA195400A58922 /* StickGoku.app */ = {isa = PBXFileReference; explicitFileType = wrapper.application; includeInIndex = 0; path = StickGoku.app; sourceTree = BUILT_PRODUCTS_DIR; };
		F73D024228FA195400A58922 /* AppDelegate.swift */ = {isa = PBXFileReference; lastKnownFileType = sourcecode.swift; path = AppDelegate.swift; sourceTree = "<group>"; };
		F73D024428FA195400A58922 /* GameScene.sks */ = {isa = PBXFileReference; lastKnownFileType = file.sks; path = GameScene.sks; sourceTree = "<group>"; };
		F73D024628FA195400A58922 /* Actions.sks */ = {isa = PBXFileReference; lastKnownFileType = file.sks; path = Actions.sks; sourceTree = "<group>"; };
		F73D024828FA195400A58922 /* GameScene.swift */ = {isa = PBXFileReference; lastKnownFileType = sourcecode.swift; path = GameScene.swift; sourceTree = "<group>"; };
		F73D024A28FA195400A58922 /* GameViewController.swift */ = {isa = PBXFileReference; lastKnownFileType = sourcecode.swift; path = GameViewController.swift; sourceTree = "<group>"; };
		F73D024D28FA195400A58922 /* Base */ = {isa = PBXFileReference; lastKnownFileType = file.storyboard; name = Base; path = Base.lproj/Main.storyboard; sourceTree = "<group>"; };
		F73D024F28FA195600A58922 /* Assets.xcassets */ = {isa = PBXFileReference; lastKnownFileType = folder.assetcatalog; path = Assets.xcassets; sourceTree = "<group>"; };
		F73D025228FA195600A58922 /* Base */ = {isa = PBXFileReference; lastKnownFileType = file.storyboard; name = Base; path = Base.lproj/LaunchScreen.storyboard; sourceTree = "<group>"; };
		F7B5EA15290C50D400382C9C /* Background.jpg */ = {isa = PBXFileReference; lastKnownFileType = image.jpeg; name = Background.jpg; path = ../../../../ImagenesJuego/Background.jpg; sourceTree = "<group>"; };
		F7B5EA18290C548500382C9C /* kick.wav */ = {isa = PBXFileReference; lastKnownFileType = audio.wav; path = kick.wav; sourceTree = "<group>"; };
		F7B5EA19290C548500382C9C /* bg_country.mp3 */ = {isa = PBXFileReference; lastKnownFileType = audio.mp3; path = bg_country.mp3; sourceTree = "<group>"; };
		F7B5EA1A290C548500382C9C /* fall.wav */ = {isa = PBXFileReference; lastKnownFileType = audio.wav; path = fall.wav; sourceTree = "<group>"; };
		F7B5EA1B290C548500382C9C /* stick_grow_loop.wav */ = {isa = PBXFileReference; lastKnownFileType = audio.wav; path = stick_grow_loop.wav; sourceTree = "<group>"; };
		F7B5EA1C290C548500382C9C /* highScore.wav */ = {isa = PBXFileReference; lastKnownFileType = audio.wav; path = highScore.wav; sourceTree = "<group>"; };
		F7B5EA1D290C548500382C9C /* dead.wav */ = {isa = PBXFileReference; lastKnownFileType = audio.wav; path = dead.wav; sourceTree = "<group>"; };
		F7B5EA1E290C548500382C9C /* touch_mid.wav */ = {isa = PBXFileReference; lastKnownFileType = audio.wav; path = touch_mid.wav; sourceTree = "<group>"; };
		F7B5EA1F290C548500382C9C /* victory.wav */ = {isa = PBXFileReference; lastKnownFileType = audio.wav; path = victory.wav; sourceTree = "<group>"; };
		F7BBCAF72900609E00FFCA3E /* StickGokuGameScene.swift */ = {isa = PBXFileReference; lastKnownFileType = sourcecode.swift; path = StickGokuGameScene.swift; sourceTree = "<group>"; };
		F7BDC764290B4C30000BACEB /* GokuCorriendo5.png */ = {isa = PBXFileReference; lastKnownFileType = image.png; path = GokuCorriendo5.png; sourceTree = "<group>"; };
		F7BDC765290B4C30000BACEB /* GokuCorriendo8.png */ = {isa = PBXFileReference; lastKnownFileType = image.png; path = GokuCorriendo8.png; sourceTree = "<group>"; };
		F7BDC766290B4C30000BACEB /* GokuCorriendo1.png */ = {isa = PBXFileReference; lastKnownFileType = image.png; path = GokuCorriendo1.png; sourceTree = "<group>"; };
		F7BDC767290B4C30000BACEB /* GokuCorriendo2.png */ = {isa = PBXFileReference; lastKnownFileType = image.png; path = GokuCorriendo2.png; sourceTree = "<group>"; };
		F7BDC768290B4C30000BACEB /* GokuCorriendo6.png */ = {isa = PBXFileReference; lastKnownFileType = image.png; path = GokuCorriendo6.png; sourceTree = "<group>"; };
		F7BDC769290B4C31000BACEB /* GokuCorriendo7.png */ = {isa = PBXFileReference; lastKnownFileType = image.png; path = GokuCorriendo7.png; sourceTree = "<group>"; };
		F7BDC76A290B4C31000BACEB /* GokuCorriendo3.png */ = {isa = PBXFileReference; lastKnownFileType = image.png; path = GokuCorriendo3.png; sourceTree = "<group>"; };
		F7BDC76B290B4C31000BACEB /* GokuCorriendo4.png */ = {isa = PBXFileReference; lastKnownFileType = image.png; path = GokuCorriendo4.png; sourceTree = "<group>"; };
/* End PBXFileReference section */

/* Begin PBXFrameworksBuildPhase section */
		F73D023C28FA195400A58922 /* Frameworks */ = {
			isa = PBXFrameworksBuildPhase;
			buildActionMask = 2147483647;
			files = (
			);
			runOnlyForDeploymentPostprocessing = 0;
		};
/* End PBXFrameworksBuildPhase section */

/* Begin PBXGroup section */
		F7273B0528FE2A0000684706 /* Imagenes */ = {
			isa = PBXGroup;
			children = (
				F7B5EA15290C50D400382C9C /* Background.jpg */,
				F7BDC766290B4C30000BACEB /* GokuCorriendo1.png */,
				F7BDC767290B4C30000BACEB /* GokuCorriendo2.png */,
				F7BDC76A290B4C31000BACEB /* GokuCorriendo3.png */,
				F7BDC76B290B4C31000BACEB /* GokuCorriendo4.png */,
				F7BDC764290B4C30000BACEB /* GokuCorriendo5.png */,
				F7BDC768290B4C30000BACEB /* GokuCorriendo6.png */,
				F7BDC769290B4C31000BACEB /* GokuCorriendo7.png */,
				F7BDC765290B4C30000BACEB /* GokuCorriendo8.png */,
			);
			path = Imagenes;
			sourceTree = "<group>";
		};
		F72AC58028FF533A005B6141 /* Scene */ = {
			isa = PBXGroup;
			children = (
				F72AC58328FF53D8005B6141 /* Defined.swift */,
				F72AC58528FF71E7005B6141 /* Tools.swift */,
				F7BBCAF72900609E00FFCA3E /* StickGokuGameScene.swift */,
				F73D024A28FA195400A58922 /* GameViewController.swift */,
				F73D024228FA195400A58922 /* AppDelegate.swift */,
				F73D024828FA195400A58922 /* GameScene.swift */,
			);
			path = Scene;
			sourceTree = "<group>";
		};
		F73D023628FA195400A58922 = {
			isa = PBXGroup;
			children = (
				F73D024128FA195400A58922 /* StickGoku */,
				F73D024028FA195400A58922 /* Products */,
			);
			sourceTree = "<group>";
		};
		F73D024028FA195400A58922 /* Products */ = {
			isa = PBXGroup;
			children = (
				F73D023F28FA195400A58922 /* StickGoku.app */,
			);
			name = Products;
			sourceTree = "<group>";
		};
		F73D024128FA195400A58922 /* StickGoku */ = {
			isa = PBXGroup;
			children = (
				F7B5EA17290C546F00382C9C /* Sounds */,
				F72AC58028FF533A005B6141 /* Scene */,
				F7273B0528FE2A0000684706 /* Imagenes */,
				F73D024428FA195400A58922 /* GameScene.sks */,
				F73D024628FA195400A58922 /* Actions.sks */,
				F73D024C28FA195400A58922 /* Main.storyboard */,
				F73D024F28FA195600A58922 /* Assets.xcassets */,
				F73D025128FA195600A58922 /* LaunchScreen.storyboard */,
			);
			path = StickGoku;
			sourceTree = "<group>";
		};
		F7B5EA17290C546F00382C9C /* Sounds */ = {
			isa = PBXGroup;
			children = (
				F7B5EA19290C548500382C9C /* bg_country.mp3 */,
				F7B5EA1D290C548500382C9C /* dead.wav */,
				F7B5EA1A290C548500382C9C /* fall.wav */,
				F7B5EA1C290C548500382C9C /* highScore.wav */,
				F7B5EA18290C548500382C9C /* kick.wav */,
				F7B5EA1B290C548500382C9C /* stick_grow_loop.wav */,
				F7B5EA1E290C548500382C9C /* touch_mid.wav */,
				F7B5EA1F290C548500382C9C /* victory.wav */,
			);
			path = Sounds;
			sourceTree = "<group>";
		};
/* End PBXGroup section */

/* Begin PBXNativeTarget section */
		F73D023E28FA195400A58922 /* StickGoku */ = {
			isa = PBXNativeTarget;
			buildConfigurationList = F73D025628FA195600A58922 /* Build configuration list for PBXNativeTarget "StickGoku" */;
			buildPhases = (
				F73D023B28FA195400A58922 /* Sources */,
				F73D023C28FA195400A58922 /* Frameworks */,
				F73D023D28FA195400A58922 /* Resources */,
			);
			buildRules = (
			);
			dependencies = (
			);
			name = StickGoku;
			productName = StickGoku;
			productReference = F73D023F28FA195400A58922 /* StickGoku.app */;
			productType = "com.apple.product-type.application";
		};
/* End PBXNativeTarget section */

/* Begin PBXProject section */
		F73D023728FA195400A58922 /* Project object */ = {
			isa = PBXProject;
			attributes = {
				BuildIndependentTargetsInParallel = 1;
				LastSwiftUpdateCheck = 1400;
				LastUpgradeCheck = 1400;
				TargetAttributes = {
					F73D023E28FA195400A58922 = {
						CreatedOnToolsVersion = 14.0.1;
					};
				};
			};
			buildConfigurationList = F73D023A28FA195400A58922 /* Build configuration list for PBXProject "StickGoku" */;
			compatibilityVersion = "Xcode 14.0";
			developmentRegion = en;
			hasScannedForEncodings = 0;
			knownRegions = (
				en,
				Base,
			);
			mainGroup = F73D023628FA195400A58922;
			productRefGroup = F73D024028FA195400A58922 /* Products */;
			projectDirPath = "";
			projectRoot = "";
			targets = (
				F73D023E28FA195400A58922 /* StickGoku */,
			);
		};
/* End PBXProject section */

/* Begin PBXResourcesBuildPhase section */
		F73D023D28FA195400A58922 /* Resources */ = {
			isa = PBXResourcesBuildPhase;
			buildActionMask = 2147483647;
			files = (
				F7B5EA20290C548500382C9C /* kick.wav in Resources */,
				F73D024E28FA195400A58922 /* Main.storyboard in Resources */,
				F7B5EA22290C548500382C9C /* fall.wav in Resources */,
				F7BDC76E290B4C31000BACEB /* GokuCorriendo1.png in Resources */,
				F7BDC76C290B4C31000BACEB /* GokuCorriendo5.png in Resources */,
				F7B5EA16290C50D400382C9C /* Background.jpg in Resources */,
				F7BDC772290B4C31000BACEB /* GokuCorriendo3.png in Resources */,
				F73D024528FA195400A58922 /* GameScene.sks in Resources */,
				F7B5EA26290C548500382C9C /* touch_mid.wav in Resources */,
				F7B5EA24290C548500382C9C /* highScore.wav in Resources */,
				F73D025028FA195600A58922 /* Assets.xcassets in Resources */,
				F7B5EA25290C548500382C9C /* dead.wav in Resources */,
				F7B5EA21290C548500382C9C /* bg_country.mp3 in Resources */,
				F7B5EA27290C548500382C9C /* victory.wav in Resources */,
				F7BDC773290B4C31000BACEB /* GokuCorriendo4.png in Resources */,
				F7BDC771290B4C31000BACEB /* GokuCorriendo7.png in Resources */,
				F73D025328FA195600A58922 /* LaunchScreen.storyboard in Resources */,
				F7BDC76D290B4C31000BACEB /* GokuCorriendo8.png in Resources */,
				F7BDC76F290B4C31000BACEB /* GokuCorriendo2.png in Resources */,
				F7BDC770290B4C31000BACEB /* GokuCorriendo6.png in Resources */,
				F7B5EA23290C548500382C9C /* stick_grow_loop.wav in Resources */,
				F73D024728FA195400A58922 /* Actions.sks in Resources */,
			);
			runOnlyForDeploymentPostprocessing = 0;
		};
/* End PBXResourcesBuildPhase section */

/* Begin PBXSourcesBuildPhase section */
		F73D023B28FA195400A58922 /* Sources */ = {
			isa = PBXSourcesBuildPhase;
			buildActionMask = 2147483647;
			files = (
				F73D024928FA195400A58922 /* GameScene.swift in Sources */,
				F73D024B28FA195400A58922 /* GameViewController.swift in Sources */,
				F73D024328FA195400A58922 /* AppDelegate.swift in Sources */,
				F72AC58428FF53D8005B6141 /* Defined.swift in Sources */,
				F72AC58628FF71E7005B6141 /* Tools.swift in Sources */,
				F7BBCAF82900609E00FFCA3E /* StickGokuGameScene.swift in Sources */,
			);
			runOnlyForDeploymentPostprocessing = 0;
		};
/* End PBXSourcesBuildPhase section */

/* Begin PBXVariantGroup section */
		F73D024C28FA195400A58922 /* Main.storyboard */ = {
			isa = PBXVariantGroup;
			children = (
				F73D024D28FA195400A58922 /* Base */,
			);
			name = Main.storyboard;
			sourceTree = "<group>";
		};
		F73D025128FA195600A58922 /* LaunchScreen.storyboard */ = {
			isa = PBXVariantGroup;
			children = (
				F73D025228FA195600A58922 /* Base */,
			);
			name = LaunchScreen.storyboard;
			sourceTree = "<group>";
		};
/* End PBXVariantGroup section */

/* Begin XCBuildConfiguration section */
		F73D025428FA195600A58922 /* Debug */ = {
			isa = XCBuildConfiguration;
			buildSettings = {
				ALWAYS_SEARCH_USER_PATHS = NO;
				CLANG_ANALYZER_NONNULL = YES;
				CLANG_ANALYZER_NUMBER_OBJECT_CONVERSION = YES_AGGRESSIVE;
				CLANG_CXX_LANGUAGE_STANDARD = "gnu++20";
				CLANG_ENABLE_MODULES = YES;
				CLANG_ENABLE_OBJC_ARC = YES;
				CLANG_ENABLE_OBJC_WEAK = YES;
				CLANG_WARN_BLOCK_CAPTURE_AUTORELEASING = YES;
				CLANG_WARN_BOOL_CONVERSION = YES;
				CLANG_WARN_COMMA = YES;
				CLANG_WARN_CONSTANT_CONVERSION = YES;
				CLANG_WARN_DEPRECATED_OBJC_IMPLEMENTATIONS = YES;
				CLANG_WARN_DIRECT_OBJC_ISA_USAGE = YES_ERROR;
				CLANG_WARN_DOCUMENTATION_COMMENTS = YES;
				CLANG_WARN_EMPTY_BODY = YES;
				CLANG_WARN_ENUM_CONVERSION = YES;
				CLANG_WARN_INFINITE_RECURSION = YES;
				CLANG_WARN_INT_CONVERSION = YES;
				CLANG_WARN_NON_LITERAL_NULL_CONVERSION = YES;
				CLANG_WARN_OBJC_IMPLICIT_RETAIN_SELF = YES;
				CLANG_WARN_OBJC_LITERAL_CONVERSION = YES;
				CLANG_WARN_OBJC_ROOT_CLASS = YES_ERROR;
				CLANG_WARN_QUOTED_INCLUDE_IN_FRAMEWORK_HEADER = YES;
				CLANG_WARN_RANGE_LOOP_ANALYSIS = YES;
				CLANG_WARN_STRICT_PROTOTYPES = YES;
				CLANG_WARN_SUSPICIOUS_MOVE = YES;
				CLANG_WARN_UNGUARDED_AVAILABILITY = YES_AGGRESSIVE;
				CLANG_WARN_UNREACHABLE_CODE = YES;
				CLANG_WARN__DUPLICATE_METHOD_MATCH = YES;
				COPY_PHASE_STRIP = NO;
				DEBUG_INFORMATION_FORMAT = dwarf;
				ENABLE_STRICT_OBJC_MSGSEND = YES;
				ENABLE_TESTABILITY = YES;
				GCC_C_LANGUAGE_STANDARD = gnu11;
				GCC_DYNAMIC_NO_PIC = NO;
				GCC_NO_COMMON_BLOCKS = YES;
				GCC_OPTIMIZATION_LEVEL = 0;
				GCC_PREPROCESSOR_DEFINITIONS = (
					"DEBUG=1",
					"$(inherited)",
				);
				GCC_WARN_64_TO_32_BIT_CONVERSION = YES;
				GCC_WARN_ABOUT_RETURN_TYPE = YES_ERROR;
				GCC_WARN_UNDECLARED_SELECTOR = YES;
				GCC_WARN_UNINITIALIZED_AUTOS = YES_AGGRESSIVE;
				GCC_WARN_UNUSED_FUNCTION = YES;
				GCC_WARN_UNUSED_VARIABLE = YES;
				IPHONEOS_DEPLOYMENT_TARGET = 16.0;
				MTL_ENABLE_DEBUG_INFO = INCLUDE_SOURCE;
				MTL_FAST_MATH = YES;
				ONLY_ACTIVE_ARCH = YES;
				SDKROOT = iphoneos;
				SWIFT_ACTIVE_COMPILATION_CONDITIONS = DEBUG;
				SWIFT_OPTIMIZATION_LEVEL = "-Onone";
			};
			name = Debug;
		};
		F73D025528FA195600A58922 /* Release */ = {
			isa = XCBuildConfiguration;
			buildSettings = {
				ALWAYS_SEARCH_USER_PATHS = NO;
				CLANG_ANALYZER_NONNULL = YES;
				CLANG_ANALYZER_NUMBER_OBJECT_CONVERSION = YES_AGGRESSIVE;
				CLANG_CXX_LANGUAGE_STANDARD = "gnu++20";
				CLANG_ENABLE_MODULES = YES;
				CLANG_ENABLE_OBJC_ARC = YES;
				CLANG_ENABLE_OBJC_WEAK = YES;
				CLANG_WARN_BLOCK_CAPTURE_AUTORELEASING = YES;
				CLANG_WARN_BOOL_CONVERSION = YES;
				CLANG_WARN_COMMA = YES;
				CLANG_WARN_CONSTANT_CONVERSION = YES;
				CLANG_WARN_DEPRECATED_OBJC_IMPLEMENTATIONS = YES;
				CLANG_WARN_DIRECT_OBJC_ISA_USAGE = YES_ERROR;
				CLANG_WARN_DOCUMENTATION_COMMENTS = YES;
				CLANG_WARN_EMPTY_BODY = YES;
				CLANG_WARN_ENUM_CONVERSION = YES;
				CLANG_WARN_INFINITE_RECURSION = YES;
				CLANG_WARN_INT_CONVERSION = YES;
				CLANG_WARN_NON_LITERAL_NULL_CONVERSION = YES;
				CLANG_WARN_OBJC_IMPLICIT_RETAIN_SELF = YES;
				CLANG_WARN_OBJC_LITERAL_CONVERSION = YES;
				CLANG_WARN_OBJC_ROOT_CLASS = YES_ERROR;
				CLANG_WARN_QUOTED_INCLUDE_IN_FRAMEWORK_HEADER = YES;
				CLANG_WARN_RANGE_LOOP_ANALYSIS = YES;
				CLANG_WARN_STRICT_PROTOTYPES = YES;
				CLANG_WARN_SUSPICIOUS_MOVE = YES;
				CLANG_WARN_UNGUARDED_AVAILABILITY = YES_AGGRESSIVE;
				CLANG_WARN_UNREACHABLE_CODE = YES;
				CLANG_WARN__DUPLICATE_METHOD_MATCH = YES;
				COPY_PHASE_STRIP = NO;
				DEBUG_INFORMATION_FORMAT = "dwarf-with-dsym";
				ENABLE_NS_ASSERTIONS = NO;
				ENABLE_STRICT_OBJC_MSGSEND = YES;
				GCC_C_LANGUAGE_STANDARD = gnu11;
				GCC_NO_COMMON_BLOCKS = YES;
				GCC_WARN_64_TO_32_BIT_CONVERSION = YES;
				GCC_WARN_ABOUT_RETURN_TYPE = YES_ERROR;
				GCC_WARN_UNDECLARED_SELECTOR = YES;
				GCC_WARN_UNINITIALIZED_AUTOS = YES_AGGRESSIVE;
				GCC_WARN_UNUSED_FUNCTION = YES;
				GCC_WARN_UNUSED_VARIABLE = YES;
				IPHONEOS_DEPLOYMENT_TARGET = 16.0;
				MTL_ENABLE_DEBUG_INFO = NO;
				MTL_FAST_MATH = YES;
				SDKROOT = iphoneos;
				SWIFT_COMPILATION_MODE = wholemodule;
				SWIFT_OPTIMIZATION_LEVEL = "-O";
				VALIDATE_PRODUCT = YES;
			};
			name = Release;
		};
		F73D025728FA195600A58922 /* Debug */ = {
			isa = XCBuildConfiguration;
			buildSettings = {
				ASSETCATALOG_COMPILER_APPICON_NAME = AppIcon;
				ASSETCATALOG_COMPILER_GLOBAL_ACCENT_COLOR_NAME = AccentColor;
				CODE_SIGN_STYLE = Automatic;
				CURRENT_PROJECT_VERSION = 1;
				GENERATE_INFOPLIST_FILE = YES;
				INFOPLIST_KEY_UIApplicationSupportsIndirectInputEvents = YES;
				INFOPLIST_KEY_UILaunchStoryboardName = LaunchScreen;
				INFOPLIST_KEY_UIMainStoryboardFile = Main;
				INFOPLIST_KEY_UIStatusBarHidden = YES;
				INFOPLIST_KEY_UISupportedInterfaceOrientations_iPad = "UIInterfaceOrientationPortrait UIInterfaceOrientationPortraitUpsideDown UIInterfaceOrientationLandscapeLeft UIInterfaceOrientationLandscapeRight";
				INFOPLIST_KEY_UISupportedInterfaceOrientations_iPhone = "UIInterfaceOrientationPortrait UIInterfaceOrientationLandscapeLeft UIInterfaceOrientationLandscapeRight";
				LD_RUNPATH_SEARCH_PATHS = (
					"$(inherited)",
					"@executable_path/Frameworks",
				);
				MARKETING_VERSION = 1.0;
				PRODUCT_BUNDLE_IDENTIFIER = com.digis.StickGoku;
				PRODUCT_NAME = "$(TARGET_NAME)";
				SWIFT_EMIT_LOC_STRINGS = YES;
				SWIFT_VERSION = 5.0;
				TARGETED_DEVICE_FAMILY = "1,2";
			};
			name = Debug;
		};
		F73D025828FA195600A58922 /* Release */ = {
			isa = XCBuildConfiguration;
			buildSettings = {
				ASSETCATALOG_COMPILER_APPICON_NAME = AppIcon;
				ASSETCATALOG_COMPILER_GLOBAL_ACCENT_COLOR_NAME = AccentColor;
				CODE_SIGN_STYLE = Automatic;
				CURRENT_PROJECT_VERSION = 1;
				GENERATE_INFOPLIST_FILE = YES;
				INFOPLIST_KEY_UIApplicationSupportsIndirectInputEvents = YES;
				INFOPLIST_KEY_UILaunchStoryboardName = LaunchScreen;
				INFOPLIST_KEY_UIMainStoryboardFile = Main;
				INFOPLIST_KEY_UIStatusBarHidden = YES;
				INFOPLIST_KEY_UISupportedInterfaceOrientations_iPad = "UIInterfaceOrientationPortrait UIInterfaceOrientationPortraitUpsideDown UIInterfaceOrientationLandscapeLeft UIInterfaceOrientationLandscapeRight";
				INFOPLIST_KEY_UISupportedInterfaceOrientations_iPhone = "UIInterfaceOrientationPortrait UIInterfaceOrientationLandscapeLeft UIInterfaceOrientationLandscapeRight";
				LD_RUNPATH_SEARCH_PATHS = (
					"$(inherited)",
					"@executable_path/Frameworks",
				);
				MARKETING_VERSION = 1.0;
				PRODUCT_BUNDLE_IDENTIFIER = com.digis.StickGoku;
				PRODUCT_NAME = "$(TARGET_NAME)";
				SWIFT_EMIT_LOC_STRINGS = YES;
				SWIFT_VERSION = 5.0;
				TARGETED_DEVICE_FAMILY = "1,2";
			};
			name = Release;
		};
/* End XCBuildConfiguration section */

/* Begin XCConfigurationList section */
		F73D023A28FA195400A58922 /* Build configuration list for PBXProject "StickGoku" */ = {
			isa = XCConfigurationList;
			buildConfigurations = (
				F73D025428FA195600A58922 /* Debug */,
				F73D025528FA195600A58922 /* Release */,
			);
			defaultConfigurationIsVisible = 0;
			defaultConfigurationName = Release;
		};
		F73D025628FA195600A58922 /* Build configuration list for PBXNativeTarget "StickGoku" */ = {
			isa = XCConfigurationList;
			buildConfigurations = (
				F73D025728FA195600A58922 /* Debug */,
				F73D025828FA195600A58922 /* Release */,
			);
			defaultConfigurationIsVisible = 0;
			defaultConfigurationName = Release;
		};
/* End XCConfigurationList section */
	};
	rootObject = F73D023728FA195400A58922 /* Project object */;
}
